// !$*UTF8*$!
{
	archiveVersion = 1;
	classes = {
	};
	objectVersion = 56;
	objects = {

/* Begin PBXBuildFile section */
		D33F51262B529A6D00D16120 /* MenuViewController.swift in Sources */ = {isa = PBXBuildFile; fileRef = D33F51252B529A6D00D16120 /* MenuViewController.swift */; };
		D33F512A2B529A7A00D16120 /* MenuInteractor.swift in Sources */ = {isa = PBXBuildFile; fileRef = D33F51272B529A7A00D16120 /* MenuInteractor.swift */; };
		D33F512B2B529A7A00D16120 /* MenuPresenter.swift in Sources */ = {isa = PBXBuildFile; fileRef = D33F51292B529A7A00D16120 /* MenuPresenter.swift */; };
		D33F512C2B529A7A00D16120 /* MenuConfigurator.swift in Sources */ = {isa = PBXBuildFile; fileRef = D33F51282B529A7A00D16120 /* MenuConfigurator.swift */; };
		D33F51312B529F3000D16120 /* CategoryCell.swift in Sources */ = {isa = PBXBuildFile; fileRef = D33F51302B529F3000D16120 /* CategoryCell.swift */; };
		D3929C092B53BCF600D96A54 /* MealCategoryViewModel.swift in Sources */ = {isa = PBXBuildFile; fileRef = D3929C082B53BCF600D96A54 /* MealCategoryViewModel.swift */; };
		D3929C0B2B53C00500D96A54 /* BannerViewModel.swift in Sources */ = {isa = PBXBuildFile; fileRef = D3929C0A2B53C00500D96A54 /* BannerViewModel.swift */; };
		D3929C0F2B53C1B300D96A54 /* MealGoodViewModel.swift in Sources */ = {isa = PBXBuildFile; fileRef = D3929C0E2B53C1B300D96A54 /* MealGoodViewModel.swift */; };
		D3929C112B53C64D00D96A54 /* ViewModel.swift in Sources */ = {isa = PBXBuildFile; fileRef = D3929C102B53C64D00D96A54 /* ViewModel.swift */; };
		D3929C142B53C81100D96A54 /* MockData.swift in Sources */ = {isa = PBXBuildFile; fileRef = D3929C132B53C81100D96A54 /* MockData.swift */; };
		D3929C172B53D80900D96A54 /* UIView + Extension.swift in Sources */ = {isa = PBXBuildFile; fileRef = D3929C162B53D80900D96A54 /* UIView + Extension.swift */; };
		D3929C192B53EB4100D96A54 /* MealGoodsCell.swift in Sources */ = {isa = PBXBuildFile; fileRef = D3929C182B53EB4100D96A54 /* MealGoodsCell.swift */; };
		D3929C1B2B542E8800D96A54 /* Banner.swift in Sources */ = {isa = PBXBuildFile; fileRef = D3929C1A2B542E8800D96A54 /* Banner.swift */; };
		D3929C1D2B5431B100D96A54 /* ViewModelFactory.swift in Sources */ = {isa = PBXBuildFile; fileRef = D3929C1C2B5431B100D96A54 /* ViewModelFactory.swift */; };
		D39C284C2B5546980087A858 /* MenuViewControllerLayout.swift in Sources */ = {isa = PBXBuildFile; fileRef = D39C284B2B5546980087A858 /* MenuViewControllerLayout.swift */; };
		D39C28502B557B590087A858 /* PaddingLabel.swift in Sources */ = {isa = PBXBuildFile; fileRef = D39C284F2B557B590087A858 /* PaddingLabel.swift */; };
		D39D1DFD2B55170D00168512 /* Meal.swift in Sources */ = {isa = PBXBuildFile; fileRef = D39D1DFC2B55170D00168512 /* Meal.swift */; };
		D3A2F7942B56ACBC004E5B20 /* MealTableViewCell.swift in Sources */ = {isa = PBXBuildFile; fileRef = D3A2F7932B56ACBC004E5B20 /* MealTableViewCell.swift */; };
		D3A2F7962B56AF6F004E5B20 /* MealsTableView.swift in Sources */ = {isa = PBXBuildFile; fileRef = D3A2F7952B56AF6F004E5B20 /* MealsTableView.swift */; };
		D3A2F7982B56B142004E5B20 /* MealsCollectionViewCell.swift in Sources */ = {isa = PBXBuildFile; fileRef = D3A2F7972B56B142004E5B20 /* MealsCollectionViewCell.swift */; };
		D3A644BB2B54AA0300E03DBF /* SelfConfigurableCell.swift in Sources */ = {isa = PBXBuildFile; fileRef = D3A644BA2B54AA0300E03DBF /* SelfConfigurableCell.swift */; };
		D3A92EE82B52D0AE00827D12 /* MealCategory.swift in Sources */ = {isa = PBXBuildFile; fileRef = D3A92EE72B52D0AE00827D12 /* MealCategory.swift */; };
		D3DAB6F32B51536E001E7E07 /* AppDelegate.swift in Sources */ = {isa = PBXBuildFile; fileRef = D3DAB6F22B51536E001E7E07 /* AppDelegate.swift */; };
		D3DAB6FC2B515370001E7E07 /* Assets.xcassets in Resources */ = {isa = PBXBuildFile; fileRef = D3DAB6FB2B515370001E7E07 /* Assets.xcassets */; };
		D3DAB6FF2B515370001E7E07 /* LaunchScreen.storyboard in Resources */ = {isa = PBXBuildFile; fileRef = D3DAB6FD2B515370001E7E07 /* LaunchScreen.storyboard */; };
		D3DAB7072B5161BA001E7E07 /* MainTabBarController.swift in Sources */ = {isa = PBXBuildFile; fileRef = D3DAB7062B5161BA001E7E07 /* MainTabBarController.swift */; };
		D3DAB70A2B516999001E7E07 /* Constants.swift in Sources */ = {isa = PBXBuildFile; fileRef = D3DAB7092B516999001E7E07 /* Constants.swift */; };
		D3DAB70C2B5169CE001E7E07 /* UIKitConstants.swift in Sources */ = {isa = PBXBuildFile; fileRef = D3DAB70B2B5169CE001E7E07 /* UIKitConstants.swift */; };
		D3DAB70E2B516C18001E7E07 /* MainTabBarViewControllersFactory.swift in Sources */ = {isa = PBXBuildFile; fileRef = D3DAB70D2B516C18001E7E07 /* MainTabBarViewControllersFactory.swift */; };
		D3DAB7162B517D92001E7E07 /* BannerCell.swift in Sources */ = {isa = PBXBuildFile; fileRef = D3DAB7152B517D92001E7E07 /* BannerCell.swift */; };
		D3DAB7182B518BC0001E7E07 /* APIManager.swift in Sources */ = {isa = PBXBuildFile; fileRef = D3DAB7172B518BC0001E7E07 /* APIManager.swift */; };
		FDA72272B44A77378863EBE5 /* Pods_HammerSystemsTestProject.framework in Frameworks */ = {isa = PBXBuildFile; fileRef = 188732956CEECB9FFC7C2352 /* Pods_HammerSystemsTestProject.framework */; };
/* End PBXBuildFile section */

/* Begin PBXFileReference section */
		08D24B33C9833967166DB740 /* Pods-HammerSystemsTestProject.debug.xcconfig */ = {isa = PBXFileReference; includeInIndex = 1; lastKnownFileType = text.xcconfig; name = "Pods-HammerSystemsTestProject.debug.xcconfig"; path = "Target Support Files/Pods-HammerSystemsTestProject/Pods-HammerSystemsTestProject.debug.xcconfig"; sourceTree = "<group>"; };
		188732956CEECB9FFC7C2352 /* Pods_HammerSystemsTestProject.framework */ = {isa = PBXFileReference; explicitFileType = wrapper.framework; includeInIndex = 0; path = Pods_HammerSystemsTestProject.framework; sourceTree = BUILT_PRODUCTS_DIR; };
		9143B222ADE93160D1CA246B /* Pods-HammerSystemsTestProject.release.xcconfig */ = {isa = PBXFileReference; includeInIndex = 1; lastKnownFileType = text.xcconfig; name = "Pods-HammerSystemsTestProject.release.xcconfig"; path = "Target Support Files/Pods-HammerSystemsTestProject/Pods-HammerSystemsTestProject.release.xcconfig"; sourceTree = "<group>"; };
		D33F51252B529A6D00D16120 /* MenuViewController.swift */ = {isa = PBXFileReference; lastKnownFileType = sourcecode.swift; path = MenuViewController.swift; sourceTree = "<group>"; };
		D33F51272B529A7A00D16120 /* MenuInteractor.swift */ = {isa = PBXFileReference; lastKnownFileType = sourcecode.swift; path = MenuInteractor.swift; sourceTree = "<group>"; };
		D33F51282B529A7A00D16120 /* MenuConfigurator.swift */ = {isa = PBXFileReference; lastKnownFileType = sourcecode.swift; path = MenuConfigurator.swift; sourceTree = "<group>"; };
		D33F51292B529A7A00D16120 /* MenuPresenter.swift */ = {isa = PBXFileReference; lastKnownFileType = sourcecode.swift; path = MenuPresenter.swift; sourceTree = "<group>"; };
		D33F51302B529F3000D16120 /* CategoryCell.swift */ = {isa = PBXFileReference; lastKnownFileType = sourcecode.swift; path = CategoryCell.swift; sourceTree = "<group>"; };
		D3929C082B53BCF600D96A54 /* MealCategoryViewModel.swift */ = {isa = PBXFileReference; lastKnownFileType = sourcecode.swift; path = MealCategoryViewModel.swift; sourceTree = "<group>"; };
		D3929C0A2B53C00500D96A54 /* BannerViewModel.swift */ = {isa = PBXFileReference; lastKnownFileType = sourcecode.swift; path = BannerViewModel.swift; sourceTree = "<group>"; };
		D3929C0E2B53C1B300D96A54 /* MealGoodViewModel.swift */ = {isa = PBXFileReference; lastKnownFileType = sourcecode.swift; path = MealGoodViewModel.swift; sourceTree = "<group>"; };
		D3929C102B53C64D00D96A54 /* ViewModel.swift */ = {isa = PBXFileReference; lastKnownFileType = sourcecode.swift; path = ViewModel.swift; sourceTree = "<group>"; };
		D3929C132B53C81100D96A54 /* MockData.swift */ = {isa = PBXFileReference; lastKnownFileType = sourcecode.swift; path = MockData.swift; sourceTree = "<group>"; };
		D3929C162B53D80900D96A54 /* UIView + Extension.swift */ = {isa = PBXFileReference; lastKnownFileType = sourcecode.swift; path = "UIView + Extension.swift"; sourceTree = "<group>"; };
		D3929C182B53EB4100D96A54 /* MealGoodsCell.swift */ = {isa = PBXFileReference; lastKnownFileType = sourcecode.swift; path = MealGoodsCell.swift; sourceTree = "<group>"; };
		D3929C1A2B542E8800D96A54 /* Banner.swift */ = {isa = PBXFileReference; lastKnownFileType = sourcecode.swift; path = Banner.swift; sourceTree = "<group>"; };
		D3929C1C2B5431B100D96A54 /* ViewModelFactory.swift */ = {isa = PBXFileReference; lastKnownFileType = sourcecode.swift; path = ViewModelFactory.swift; sourceTree = "<group>"; };
		D39C284B2B5546980087A858 /* MenuViewControllerLayout.swift */ = {isa = PBXFileReference; lastKnownFileType = sourcecode.swift; path = MenuViewControllerLayout.swift; sourceTree = "<group>"; };
		D39C284F2B557B590087A858 /* PaddingLabel.swift */ = {isa = PBXFileReference; lastKnownFileType = sourcecode.swift; path = PaddingLabel.swift; sourceTree = "<group>"; };
		D39D1DFC2B55170D00168512 /* Meal.swift */ = {isa = PBXFileReference; lastKnownFileType = sourcecode.swift; path = Meal.swift; sourceTree = "<group>"; };
		D3A2F7932B56ACBC004E5B20 /* MealTableViewCell.swift */ = {isa = PBXFileReference; lastKnownFileType = sourcecode.swift; path = MealTableViewCell.swift; sourceTree = "<group>"; };
		D3A2F7952B56AF6F004E5B20 /* MealsTableView.swift */ = {isa = PBXFileReference; lastKnownFileType = sourcecode.swift; path = MealsTableView.swift; sourceTree = "<group>"; };
		D3A2F7972B56B142004E5B20 /* MealsCollectionViewCell.swift */ = {isa = PBXFileReference; lastKnownFileType = sourcecode.swift; path = MealsCollectionViewCell.swift; sourceTree = "<group>"; };
		D3A644BA2B54AA0300E03DBF /* SelfConfigurableCell.swift */ = {isa = PBXFileReference; lastKnownFileType = sourcecode.swift; path = SelfConfigurableCell.swift; sourceTree = "<group>"; };
		D3A92EE72B52D0AE00827D12 /* MealCategory.swift */ = {isa = PBXFileReference; lastKnownFileType = sourcecode.swift; path = MealCategory.swift; sourceTree = "<group>"; };
		D3DAB6EF2B51536E001E7E07 /* HammerSystemsTestProject.app */ = {isa = PBXFileReference; explicitFileType = wrapper.application; includeInIndex = 0; path = HammerSystemsTestProject.app; sourceTree = BUILT_PRODUCTS_DIR; };
		D3DAB6F22B51536E001E7E07 /* AppDelegate.swift */ = {isa = PBXFileReference; lastKnownFileType = sourcecode.swift; path = AppDelegate.swift; sourceTree = "<group>"; };
		D3DAB6FB2B515370001E7E07 /* Assets.xcassets */ = {isa = PBXFileReference; lastKnownFileType = folder.assetcatalog; path = Assets.xcassets; sourceTree = "<group>"; };
		D3DAB6FE2B515370001E7E07 /* Base */ = {isa = PBXFileReference; lastKnownFileType = file.storyboard; name = Base; path = Base.lproj/LaunchScreen.storyboard; sourceTree = "<group>"; };
		D3DAB7002B515370001E7E07 /* Info.plist */ = {isa = PBXFileReference; lastKnownFileType = text.plist.xml; path = Info.plist; sourceTree = "<group>"; };
		D3DAB7062B5161BA001E7E07 /* MainTabBarController.swift */ = {isa = PBXFileReference; lastKnownFileType = sourcecode.swift; path = MainTabBarController.swift; sourceTree = "<group>"; };
		D3DAB7092B516999001E7E07 /* Constants.swift */ = {isa = PBXFileReference; lastKnownFileType = sourcecode.swift; path = Constants.swift; sourceTree = "<group>"; };
		D3DAB70B2B5169CE001E7E07 /* UIKitConstants.swift */ = {isa = PBXFileReference; lastKnownFileType = sourcecode.swift; path = UIKitConstants.swift; sourceTree = "<group>"; };
		D3DAB70D2B516C18001E7E07 /* MainTabBarViewControllersFactory.swift */ = {isa = PBXFileReference; lastKnownFileType = sourcecode.swift; path = MainTabBarViewControllersFactory.swift; sourceTree = "<group>"; };
		D3DAB7152B517D92001E7E07 /* BannerCell.swift */ = {isa = PBXFileReference; lastKnownFileType = sourcecode.swift; path = BannerCell.swift; sourceTree = "<group>"; };
		D3DAB7172B518BC0001E7E07 /* APIManager.swift */ = {isa = PBXFileReference; lastKnownFileType = sourcecode.swift; path = APIManager.swift; sourceTree = "<group>"; };
/* End PBXFileReference section */

/* Begin PBXFrameworksBuildPhase section */
		D3DAB6EC2B51536E001E7E07 /* Frameworks */ = {
			isa = PBXFrameworksBuildPhase;
			buildActionMask = 2147483647;
			files = (
				FDA72272B44A77378863EBE5 /* Pods_HammerSystemsTestProject.framework in Frameworks */,
			);
			runOnlyForDeploymentPostprocessing = 0;
		};
/* End PBXFrameworksBuildPhase section */

/* Begin PBXGroup section */
		58BD2F5E44AB92B109D4E8F2 /* Pods */ = {
			isa = PBXGroup;
			children = (
				08D24B33C9833967166DB740 /* Pods-HammerSystemsTestProject.debug.xcconfig */,
				9143B222ADE93160D1CA246B /* Pods-HammerSystemsTestProject.release.xcconfig */,
			);
			name = Pods;
			path = Pods;
			sourceTree = "<group>";
		};
		C15039F804B780E733DD21E0 /* Frameworks */ = {
			isa = PBXGroup;
			children = (
				188732956CEECB9FFC7C2352 /* Pods_HammerSystemsTestProject.framework */,
			);
			name = Frameworks;
			sourceTree = "<group>";
		};
		D33F512D2B529A9C00D16120 /* MenuScene */ = {
			isa = PBXGroup;
			children = (
				D33F51252B529A6D00D16120 /* MenuViewController.swift */,
				D33F51282B529A7A00D16120 /* MenuConfigurator.swift */,
				D33F51272B529A7A00D16120 /* MenuInteractor.swift */,
				D33F51292B529A7A00D16120 /* MenuPresenter.swift */,
				D39C284B2B5546980087A858 /* MenuViewControllerLayout.swift */,
			);
			path = MenuScene;
			sourceTree = "<group>";
		};
		D3929C072B53BCCC00D96A54 /* ViewModels */ = {
			isa = PBXGroup;
			children = (
				D3929C1C2B5431B100D96A54 /* ViewModelFactory.swift */,
				D3929C082B53BCF600D96A54 /* MealCategoryViewModel.swift */,
				D3929C0A2B53C00500D96A54 /* BannerViewModel.swift */,
				D3929C0E2B53C1B300D96A54 /* MealGoodViewModel.swift */,
				D3929C102B53C64D00D96A54 /* ViewModel.swift */,
			);
			path = ViewModels;
			sourceTree = "<group>";
		};
		D3929C122B53C7F800D96A54 /* Mocks */ = {
			isa = PBXGroup;
			children = (
				D3929C132B53C81100D96A54 /* MockData.swift */,
			);
			path = Mocks;
			sourceTree = "<group>";
		};
		D3929C152B53D7E900D96A54 /* Extensions */ = {
			isa = PBXGroup;
			children = (
				D3929C162B53D80900D96A54 /* UIView + Extension.swift */,
			);
			path = Extensions;
			sourceTree = "<group>";
		};
		D3A92EE62B52D09B00827D12 /* Models */ = {
			isa = PBXGroup;
			children = (
				D3929C072B53BCCC00D96A54 /* ViewModels */,
				D3929C1A2B542E8800D96A54 /* Banner.swift */,
				D3A92EE72B52D0AE00827D12 /* MealCategory.swift */,
				D39D1DFC2B55170D00168512 /* Meal.swift */,
			);
			path = Models;
			sourceTree = "<group>";
		};
		D3DAB6E62B51536E001E7E07 = {
			isa = PBXGroup;
			children = (
				D3DAB6F12B51536E001E7E07 /* HammerSystemsTestProject */,
				D3DAB6F02B51536E001E7E07 /* Products */,
				58BD2F5E44AB92B109D4E8F2 /* Pods */,
				C15039F804B780E733DD21E0 /* Frameworks */,
			);
			sourceTree = "<group>";
		};
		D3DAB6F02B51536E001E7E07 /* Products */ = {
			isa = PBXGroup;
			children = (
				D3DAB6EF2B51536E001E7E07 /* HammerSystemsTestProject.app */,
			);
			name = Products;
			sourceTree = "<group>";
		};
		D3DAB6F12B51536E001E7E07 /* HammerSystemsTestProject */ = {
			isa = PBXGroup;
			children = (
				D3929C152B53D7E900D96A54 /* Extensions */,
				D3929C122B53C7F800D96A54 /* Mocks */,
				D3DAB7082B516970001E7E07 /* Constants */,
				D33F512D2B529A9C00D16120 /* MenuScene */,
				D3A92EE62B52D09B00827D12 /* Models */,
				D3DAB7102B517723001E7E07 /* CustomViews */,
				D3DAB6F22B51536E001E7E07 /* AppDelegate.swift */,
				D3DAB6FB2B515370001E7E07 /* Assets.xcassets */,
				D3DAB6FD2B515370001E7E07 /* LaunchScreen.storyboard */,
				D3DAB7002B515370001E7E07 /* Info.plist */,
				D3DAB7172B518BC0001E7E07 /* APIManager.swift */,
			);
			path = HammerSystemsTestProject;
			sourceTree = "<group>";
		};
		D3DAB7082B516970001E7E07 /* Constants */ = {
			isa = PBXGroup;
			children = (
				D3DAB7092B516999001E7E07 /* Constants.swift */,
				D3DAB70B2B5169CE001E7E07 /* UIKitConstants.swift */,
			);
			path = Constants;
			sourceTree = "<group>";
		};
		D3DAB70F2B516C4F001E7E07 /* MainTabBar */ = {
			isa = PBXGroup;
			children = (
				D3DAB70D2B516C18001E7E07 /* MainTabBarViewControllersFactory.swift */,
				D3DAB7062B5161BA001E7E07 /* MainTabBarController.swift */,
			);
			path = MainTabBar;
			sourceTree = "<group>";
		};
		D3DAB7102B517723001E7E07 /* CustomViews */ = {
			isa = PBXGroup;
			children = (
				D3DAB70F2B516C4F001E7E07 /* MainTabBar */,
				D3DAB7152B517D92001E7E07 /* BannerCell.swift */,
				D33F51302B529F3000D16120 /* CategoryCell.swift */,
				D3929C182B53EB4100D96A54 /* MealGoodsCell.swift */,
				D3A644BA2B54AA0300E03DBF /* SelfConfigurableCell.swift */,
				D39C284F2B557B590087A858 /* PaddingLabel.swift */,
				D3A2F7932B56ACBC004E5B20 /* MealTableViewCell.swift */,
				D3A2F7952B56AF6F004E5B20 /* MealsTableView.swift */,
				D3A2F7972B56B142004E5B20 /* MealsCollectionViewCell.swift */,
			);
			path = CustomViews;
			sourceTree = "<group>";
		};
/* End PBXGroup section */

/* Begin PBXNativeTarget section */
		D3DAB6EE2B51536E001E7E07 /* HammerSystemsTestProject */ = {
			isa = PBXNativeTarget;
			buildConfigurationList = D3DAB7032B515370001E7E07 /* Build configuration list for PBXNativeTarget "HammerSystemsTestProject" */;
			buildPhases = (
				5DE5B2A331D0F4DDED599578 /* [CP] Check Pods Manifest.lock */,
				D3DAB6EB2B51536E001E7E07 /* Sources */,
				D3DAB6EC2B51536E001E7E07 /* Frameworks */,
				D3DAB6ED2B51536E001E7E07 /* Resources */,
				CE47C8B8ADA9669EC6E7A9E0 /* [CP] Embed Pods Frameworks */,
			);
			buildRules = (
			);
			dependencies = (
			);
			name = HammerSystemsTestProject;
			productName = HammerSystemsTestProject;
			productReference = D3DAB6EF2B51536E001E7E07 /* HammerSystemsTestProject.app */;
			productType = "com.apple.product-type.application";
		};
/* End PBXNativeTarget section */

/* Begin PBXProject section */
		D3DAB6E72B51536E001E7E07 /* Project object */ = {
			isa = PBXProject;
			attributes = {
				BuildIndependentTargetsInParallel = 1;
				LastSwiftUpdateCheck = 1420;
				LastUpgradeCheck = 1420;
				TargetAttributes = {
					D3DAB6EE2B51536E001E7E07 = {
						CreatedOnToolsVersion = 14.2;
					};
				};
			};
			buildConfigurationList = D3DAB6EA2B51536E001E7E07 /* Build configuration list for PBXProject "HammerSystemsTestProject" */;
			compatibilityVersion = "Xcode 14.0";
			developmentRegion = en;
			hasScannedForEncodings = 0;
			knownRegions = (
				en,
				Base,
			);
			mainGroup = D3DAB6E62B51536E001E7E07;
			productRefGroup = D3DAB6F02B51536E001E7E07 /* Products */;
			projectDirPath = "";
			projectRoot = "";
			targets = (
				D3DAB6EE2B51536E001E7E07 /* HammerSystemsTestProject */,
			);
		};
/* End PBXProject section */

/* Begin PBXResourcesBuildPhase section */
		D3DAB6ED2B51536E001E7E07 /* Resources */ = {
			isa = PBXResourcesBuildPhase;
			buildActionMask = 2147483647;
			files = (
				D3DAB6FF2B515370001E7E07 /* LaunchScreen.storyboard in Resources */,
				D3DAB6FC2B515370001E7E07 /* Assets.xcassets in Resources */,
			);
			runOnlyForDeploymentPostprocessing = 0;
		};
/* End PBXResourcesBuildPhase section */

/* Begin PBXShellScriptBuildPhase section */
		5DE5B2A331D0F4DDED599578 /* [CP] Check Pods Manifest.lock */ = {
			isa = PBXShellScriptBuildPhase;
			buildActionMask = 2147483647;
			files = (
			);
			inputFileListPaths = (
			);
			inputPaths = (
				"${PODS_PODFILE_DIR_PATH}/Podfile.lock",
				"${PODS_ROOT}/Manifest.lock",
			);
			name = "[CP] Check Pods Manifest.lock";
			outputFileListPaths = (
			);
			outputPaths = (
				"$(DERIVED_FILE_DIR)/Pods-HammerSystemsTestProject-checkManifestLockResult.txt",
			);
			runOnlyForDeploymentPostprocessing = 0;
			shellPath = /bin/sh;
			shellScript = "diff \"${PODS_PODFILE_DIR_PATH}/Podfile.lock\" \"${PODS_ROOT}/Manifest.lock\" > /dev/null\nif [ $? != 0 ] ; then\n    # print error to STDERR\n    echo \"error: The sandbox is not in sync with the Podfile.lock. Run 'pod install' or update your CocoaPods installation.\" >&2\n    exit 1\nfi\n# This output is used by Xcode 'outputs' to avoid re-running this script phase.\necho \"SUCCESS\" > \"${SCRIPT_OUTPUT_FILE_0}\"\n";
			showEnvVarsInLog = 0;
		};
		CE47C8B8ADA9669EC6E7A9E0 /* [CP] Embed Pods Frameworks */ = {
			isa = PBXShellScriptBuildPhase;
			buildActionMask = 2147483647;
			files = (
			);
			inputFileListPaths = (
				"${PODS_ROOT}/Target Support Files/Pods-HammerSystemsTestProject/Pods-HammerSystemsTestProject-frameworks-${CONFIGURATION}-input-files.xcfilelist",
			);
			name = "[CP] Embed Pods Frameworks";
			outputFileListPaths = (
				"${PODS_ROOT}/Target Support Files/Pods-HammerSystemsTestProject/Pods-HammerSystemsTestProject-frameworks-${CONFIGURATION}-output-files.xcfilelist",
			);
			runOnlyForDeploymentPostprocessing = 0;
			shellPath = /bin/sh;
			shellScript = "\"${PODS_ROOT}/Target Support Files/Pods-HammerSystemsTestProject/Pods-HammerSystemsTestProject-frameworks.sh\"\n";
			showEnvVarsInLog = 0;
		};
/* End PBXShellScriptBuildPhase section */

/* Begin PBXSourcesBuildPhase section */
		D3DAB6EB2B51536E001E7E07 /* Sources */ = {
			isa = PBXSourcesBuildPhase;
			buildActionMask = 2147483647;
			files = (
				D3929C112B53C64D00D96A54 /* ViewModel.swift in Sources */,
				D3929C192B53EB4100D96A54 /* MealGoodsCell.swift in Sources */,
				D3DAB6F32B51536E001E7E07 /* AppDelegate.swift in Sources */,
				D3DAB7182B518BC0001E7E07 /* APIManager.swift in Sources */,
				D3929C172B53D80900D96A54 /* UIView + Extension.swift in Sources */,
				D39D1DFD2B55170D00168512 /* Meal.swift in Sources */,
				D33F51312B529F3000D16120 /* CategoryCell.swift in Sources */,
				D3A2F7982B56B142004E5B20 /* MealsCollectionViewCell.swift in Sources */,
				D33F512B2B529A7A00D16120 /* MenuPresenter.swift in Sources */,
				D39C284C2B5546980087A858 /* MenuViewControllerLayout.swift in Sources */,
				D3A2F7962B56AF6F004E5B20 /* MealsTableView.swift in Sources */,
				D3DAB70E2B516C18001E7E07 /* MainTabBarViewControllersFactory.swift in Sources */,
				D33F512C2B529A7A00D16120 /* MenuConfigurator.swift in Sources */,
				D33F51262B529A6D00D16120 /* MenuViewController.swift in Sources */,
				D33F512A2B529A7A00D16120 /* MenuInteractor.swift in Sources */,
				D3DAB70C2B5169CE001E7E07 /* UIKitConstants.swift in Sources */,
				D3DAB7162B517D92001E7E07 /* BannerCell.swift in Sources */,
				D3A2F7942B56ACBC004E5B20 /* MealTableViewCell.swift in Sources */,
				D3A92EE82B52D0AE00827D12 /* MealCategory.swift in Sources */,
				D3929C1D2B5431B100D96A54 /* ViewModelFactory.swift in Sources */,
				D3929C1B2B542E8800D96A54 /* Banner.swift in Sources */,
				D3A644BB2B54AA0300E03DBF /* SelfConfigurableCell.swift in Sources */,
				D3DAB7072B5161BA001E7E07 /* MainTabBarController.swift in Sources */,
				D3DAB70A2B516999001E7E07 /* Constants.swift in Sources */,
				D3929C0F2B53C1B300D96A54 /* MealGoodViewModel.swift in Sources */,
				D3929C0B2B53C00500D96A54 /* BannerViewModel.swift in Sources */,
				D39C28502B557B590087A858 /* PaddingLabel.swift in Sources */,
				D3929C142B53C81100D96A54 /* MockData.swift in Sources */,
				D3929C092B53BCF600D96A54 /* MealCategoryViewModel.swift in Sources */,
			);
			runOnlyForDeploymentPostprocessing = 0;
		};
/* End PBXSourcesBuildPhase section */

/* Begin PBXVariantGroup section */
		D3DAB6FD2B515370001E7E07 /* LaunchScreen.storyboard */ = {
			isa = PBXVariantGroup;
			children = (
				D3DAB6FE2B515370001E7E07 /* Base */,
			);
			name = LaunchScreen.storyboard;
			sourceTree = "<group>";
		};
/* End PBXVariantGroup section */

/* Begin XCBuildConfiguration section */
		D3DAB7012B515370001E7E07 /* Debug */ = {
			isa = XCBuildConfiguration;
			buildSettings = {
				ALWAYS_SEARCH_USER_PATHS = NO;
				CLANG_ANALYZER_NONNULL = YES;
				CLANG_ANALYZER_NUMBER_OBJECT_CONVERSION = YES_AGGRESSIVE;
				CLANG_CXX_LANGUAGE_STANDARD = "gnu++20";
				CLANG_ENABLE_MODULES = YES;
				CLANG_ENABLE_OBJC_ARC = YES;
				CLANG_ENABLE_OBJC_WEAK = YES;
				CLANG_WARN_BLOCK_CAPTURE_AUTORELEASING = YES;
				CLANG_WARN_BOOL_CONVERSION = YES;
				CLANG_WARN_COMMA = YES;
				CLANG_WARN_CONSTANT_CONVERSION = YES;
				CLANG_WARN_DEPRECATED_OBJC_IMPLEMENTATIONS = YES;
				CLANG_WARN_DIRECT_OBJC_ISA_USAGE = YES_ERROR;
				CLANG_WARN_DOCUMENTATION_COMMENTS = YES;
				CLANG_WARN_EMPTY_BODY = YES;
				CLANG_WARN_ENUM_CONVERSION = YES;
				CLANG_WARN_INFINITE_RECURSION = YES;
				CLANG_WARN_INT_CONVERSION = YES;
				CLANG_WARN_NON_LITERAL_NULL_CONVERSION = YES;
				CLANG_WARN_OBJC_IMPLICIT_RETAIN_SELF = YES;
				CLANG_WARN_OBJC_LITERAL_CONVERSION = YES;
				CLANG_WARN_OBJC_ROOT_CLASS = YES_ERROR;
				CLANG_WARN_QUOTED_INCLUDE_IN_FRAMEWORK_HEADER = YES;
				CLANG_WARN_RANGE_LOOP_ANALYSIS = YES;
				CLANG_WARN_STRICT_PROTOTYPES = YES;
				CLANG_WARN_SUSPICIOUS_MOVE = YES;
				CLANG_WARN_UNGUARDED_AVAILABILITY = YES_AGGRESSIVE;
				CLANG_WARN_UNREACHABLE_CODE = YES;
				CLANG_WARN__DUPLICATE_METHOD_MATCH = YES;
				COPY_PHASE_STRIP = NO;
				DEBUG_INFORMATION_FORMAT = dwarf;
				ENABLE_STRICT_OBJC_MSGSEND = YES;
				ENABLE_TESTABILITY = YES;
				GCC_C_LANGUAGE_STANDARD = gnu11;
				GCC_DYNAMIC_NO_PIC = NO;
				GCC_NO_COMMON_BLOCKS = YES;
				GCC_OPTIMIZATION_LEVEL = 0;
				GCC_PREPROCESSOR_DEFINITIONS = (
					"DEBUG=1",
					"$(inherited)",
				);
				GCC_WARN_64_TO_32_BIT_CONVERSION = YES;
				GCC_WARN_ABOUT_RETURN_TYPE = YES_ERROR;
				GCC_WARN_UNDECLARED_SELECTOR = YES;
				GCC_WARN_UNINITIALIZED_AUTOS = YES_AGGRESSIVE;
				GCC_WARN_UNUSED_FUNCTION = YES;
				GCC_WARN_UNUSED_VARIABLE = YES;
				IPHONEOS_DEPLOYMENT_TARGET = 16.2;
				MTL_ENABLE_DEBUG_INFO = INCLUDE_SOURCE;
				MTL_FAST_MATH = YES;
				ONLY_ACTIVE_ARCH = YES;
				SDKROOT = iphoneos;
				SWIFT_ACTIVE_COMPILATION_CONDITIONS = DEBUG;
				SWIFT_OPTIMIZATION_LEVEL = "-Onone";
			};
			name = Debug;
		};
		D3DAB7022B515370001E7E07 /* Release */ = {
			isa = XCBuildConfiguration;
			buildSettings = {
				ALWAYS_SEARCH_USER_PATHS = NO;
				CLANG_ANALYZER_NONNULL = YES;
				CLANG_ANALYZER_NUMBER_OBJECT_CONVERSION = YES_AGGRESSIVE;
				CLANG_CXX_LANGUAGE_STANDARD = "gnu++20";
				CLANG_ENABLE_MODULES = YES;
				CLANG_ENABLE_OBJC_ARC = YES;
				CLANG_ENABLE_OBJC_WEAK = YES;
				CLANG_WARN_BLOCK_CAPTURE_AUTORELEASING = YES;
				CLANG_WARN_BOOL_CONVERSION = YES;
				CLANG_WARN_COMMA = YES;
				CLANG_WARN_CONSTANT_CONVERSION = YES;
				CLANG_WARN_DEPRECATED_OBJC_IMPLEMENTATIONS = YES;
				CLANG_WARN_DIRECT_OBJC_ISA_USAGE = YES_ERROR;
				CLANG_WARN_DOCUMENTATION_COMMENTS = YES;
				CLANG_WARN_EMPTY_BODY = YES;
				CLANG_WARN_ENUM_CONVERSION = YES;
				CLANG_WARN_INFINITE_RECURSION = YES;
				CLANG_WARN_INT_CONVERSION = YES;
				CLANG_WARN_NON_LITERAL_NULL_CONVERSION = YES;
				CLANG_WARN_OBJC_IMPLICIT_RETAIN_SELF = YES;
				CLANG_WARN_OBJC_LITERAL_CONVERSION = YES;
				CLANG_WARN_OBJC_ROOT_CLASS = YES_ERROR;
				CLANG_WARN_QUOTED_INCLUDE_IN_FRAMEWORK_HEADER = YES;
				CLANG_WARN_RANGE_LOOP_ANALYSIS = YES;
				CLANG_WARN_STRICT_PROTOTYPES = YES;
				CLANG_WARN_SUSPICIOUS_MOVE = YES;
				CLANG_WARN_UNGUARDED_AVAILABILITY = YES_AGGRESSIVE;
				CLANG_WARN_UNREACHABLE_CODE = YES;
				CLANG_WARN__DUPLICATE_METHOD_MATCH = YES;
				COPY_PHASE_STRIP = NO;
				DEBUG_INFORMATION_FORMAT = "dwarf-with-dsym";
				ENABLE_NS_ASSERTIONS = NO;
				ENABLE_STRICT_OBJC_MSGSEND = YES;
				GCC_C_LANGUAGE_STANDARD = gnu11;
				GCC_NO_COMMON_BLOCKS = YES;
				GCC_WARN_64_TO_32_BIT_CONVERSION = YES;
				GCC_WARN_ABOUT_RETURN_TYPE = YES_ERROR;
				GCC_WARN_UNDECLARED_SELECTOR = YES;
				GCC_WARN_UNINITIALIZED_AUTOS = YES_AGGRESSIVE;
				GCC_WARN_UNUSED_FUNCTION = YES;
				GCC_WARN_UNUSED_VARIABLE = YES;
				IPHONEOS_DEPLOYMENT_TARGET = 16.2;
				MTL_ENABLE_DEBUG_INFO = NO;
				MTL_FAST_MATH = YES;
				SDKROOT = iphoneos;
				SWIFT_COMPILATION_MODE = wholemodule;
				SWIFT_OPTIMIZATION_LEVEL = "-O";
				VALIDATE_PRODUCT = YES;
			};
			name = Release;
		};
		D3DAB7042B515370001E7E07 /* Debug */ = {
			isa = XCBuildConfiguration;
			baseConfigurationReference = 08D24B33C9833967166DB740 /* Pods-HammerSystemsTestProject.debug.xcconfig */;
			buildSettings = {
				ASSETCATALOG_COMPILER_APPICON_NAME = AppIcon;
				ASSETCATALOG_COMPILER_GLOBAL_ACCENT_COLOR_NAME = AccentColor;
				CODE_SIGN_STYLE = Automatic;
				CURRENT_PROJECT_VERSION = 1;
				DEVELOPMENT_TEAM = 56U6P9HNQ5;
				GENERATE_INFOPLIST_FILE = YES;
				INFOPLIST_FILE = HammerSystemsTestProject/Info.plist;
				INFOPLIST_KEY_UIApplicationSupportsIndirectInputEvents = YES;
				INFOPLIST_KEY_UILaunchStoryboardName = LaunchScreen;
				INFOPLIST_KEY_UIMainStoryboardFile = "";
				INFOPLIST_KEY_UISupportedInterfaceOrientations_iPad = "UIInterfaceOrientationPortrait UIInterfaceOrientationPortraitUpsideDown UIInterfaceOrientationLandscapeLeft UIInterfaceOrientationLandscapeRight";
				INFOPLIST_KEY_UISupportedInterfaceOrientations_iPhone = "UIInterfaceOrientationPortrait UIInterfaceOrientationLandscapeLeft UIInterfaceOrientationLandscapeRight";
				IPHONEOS_DEPLOYMENT_TARGET = 16.2;
				LD_RUNPATH_SEARCH_PATHS = (
					"$(inherited)",
					"@executable_path/Frameworks",
				);
				MARKETING_VERSION = 1.0;
				PRODUCT_BUNDLE_IDENTIFIER = ru.mithfor.HammerSystemsTestProject;
				PRODUCT_NAME = "$(TARGET_NAME)";
				SWIFT_EMIT_LOC_STRINGS = YES;
				SWIFT_VERSION = 5.0;
				TARGETED_DEVICE_FAMILY = "1,2";
			};
			name = Debug;
		};
		D3DAB7052B515370001E7E07 /* Release */ = {
			isa = XCBuildConfiguration;
			baseConfigurationReference = 9143B222ADE93160D1CA246B /* Pods-HammerSystemsTestProject.release.xcconfig */;
			buildSettings = {
				ASSETCATALOG_COMPILER_APPICON_NAME = AppIcon;
				ASSETCATALOG_COMPILER_GLOBAL_ACCENT_COLOR_NAME = AccentColor;
				CODE_SIGN_STYLE = Automatic;
				CURRENT_PROJECT_VERSION = 1;
				DEVELOPMENT_TEAM = 56U6P9HNQ5;
				GENERATE_INFOPLIST_FILE = YES;
				INFOPLIST_FILE = HammerSystemsTestProject/Info.plist;
				INFOPLIST_KEY_UIApplicationSupportsIndirectInputEvents = YES;
				INFOPLIST_KEY_UILaunchStoryboardName = LaunchScreen;
				INFOPLIST_KEY_UIMainStoryboardFile = "";
				INFOPLIST_KEY_UISupportedInterfaceOrientations_iPad = "UIInterfaceOrientationPortrait UIInterfaceOrientationPortraitUpsideDown UIInterfaceOrientationLandscapeLeft UIInterfaceOrientationLandscapeRight";
				INFOPLIST_KEY_UISupportedInterfaceOrientations_iPhone = "UIInterfaceOrientationPortrait UIInterfaceOrientationLandscapeLeft UIInterfaceOrientationLandscapeRight";
				IPHONEOS_DEPLOYMENT_TARGET = 16.2;
				LD_RUNPATH_SEARCH_PATHS = (
					"$(inherited)",
					"@executable_path/Frameworks",
				);
				MARKETING_VERSION = 1.0;
				PRODUCT_BUNDLE_IDENTIFIER = ru.mithfor.HammerSystemsTestProject;
				PRODUCT_NAME = "$(TARGET_NAME)";
				SWIFT_EMIT_LOC_STRINGS = YES;
				SWIFT_VERSION = 5.0;
				TARGETED_DEVICE_FAMILY = "1,2";
			};
			name = Release;
		};
/* End XCBuildConfiguration section */

/* Begin XCConfigurationList section */
		D3DAB6EA2B51536E001E7E07 /* Build configuration list for PBXProject "HammerSystemsTestProject" */ = {
			isa = XCConfigurationList;
			buildConfigurations = (
				D3DAB7012B515370001E7E07 /* Debug */,
				D3DAB7022B515370001E7E07 /* Release */,
			);
			defaultConfigurationIsVisible = 0;
			defaultConfigurationName = Release;
		};
		D3DAB7032B515370001E7E07 /* Build configuration list for PBXNativeTarget "HammerSystemsTestProject" */ = {
			isa = XCConfigurationList;
			buildConfigurations = (
				D3DAB7042B515370001E7E07 /* Debug */,
				D3DAB7052B515370001E7E07 /* Release */,
			);
			defaultConfigurationIsVisible = 0;
			defaultConfigurationName = Release;
		};
/* End XCConfigurationList section */
	};
	rootObject = D3DAB6E72B51536E001E7E07 /* Project object */;
}
